
Microsoft Visual Studio Solution File, Format Version 12.00
# Visual Studio 15
VisualStudioVersion = 15.0.28307.168
MinimumVisualStudioVersion = 10.0.40219.1
Project("{FAE04EC0-301F-11D3-BF4B-00C04F79EFBC}") = "AxiomGame", "RPG_Demo\AxiomGame.csproj", "{6071316B-F8B1-4414-8465-73D9C9B72FD2}"
EndProject
Global
	GlobalSection(SolutionConfigurationPlatforms) = preSolution
		Debug|Any CPU = Debug|Any CPU
		Release|Any CPU = Release|Any CPU
	EndGlobalSection
	GlobalSection(ProjectConfigurationPlatforms) = postSolution
		{6071316B-F8B1-4414-8465-73D9C9B72FD2}.Debug|Any CPU.ActiveCfg = Debug|Any CPU
		{6071316B-F8B1-4414-8465-73D9C9B72FD2}.Debug|Any CPU.Build.0 = Debug|Any CPU
		{6071316B-F8B1-4414-8465-73D9C9B72FD2}.Release|Any CPU.ActiveCfg = Release|Any CPU
		{6071316B-F8B1-4414-8465-73D9C9B72FD2}.Release|Any CPU.Build.0 = Release|Any CPU
	EndGlobalSection
	GlobalSection(SolutionProperties) = preSolution
		HideSolutionNode = FALSE
	EndGlobalSection
	GlobalSection(ExtensibilityGlobals) = postSolution
		SolutionGuid = {41C6552A-44AD-4E6E-841A-3A6CEFA84858}
	EndGlobalSection
EndGlobal
